Microsoft Visual Studio Solution File, Format Version 12.00
# Visual Studio Version 17
VisualStudioVersion = 17.5.2.0
MinimumVisualStudioVersion = 10.0.40219.1
Project("{FAE04EC0-301F-11D3-BF4B-00C04F79EFBC}") = "labOne", "labOne.csproj", "{FCD942A0-005B-9CEF-09DA-6B75C175F09D}"
EndProject
Global
	GlobalSection(SolutionConfigurationPlatforms) = preSolution
		Debug|Any CPU = Debug|Any CPU
		Release|Any CPU = Release|Any CPU
	EndGlobalSection
	GlobalSection(ProjectConfigurationPlatforms) = postSolution
		{FCD942A0-005B-9CEF-09DA-6B75C175F09D}.Debug|Any CPU.ActiveCfg = Debug|Any CPU
		{FCD942A0-005B-9CEF-09DA-6B75C175F09D}.Debug|Any CPU.Build.0 = Debug|Any CPU
		{FCD942A0-005B-9CEF-09DA-6B75C175F09D}.Release|Any CPU.ActiveCfg = Release|Any CPU
		{FCD942A0-005B-9CEF-09DA-6B75C175F09D}.Release|Any CPU.Build.0 = Release|Any CPU
	EndGlobalSection
	GlobalSection(SolutionProperties) = preSolution
		HideSolutionNode = FALSE
	EndGlobalSection
	GlobalSection(ExtensibilityGlobals) = postSolution
		SolutionGuid = {FE811B88-C9A2-4C58-859B-C0C581E34098}
	EndGlobalSection
EndGlobal
